
Microsoft Visual Studio Solution File, Format Version 12.00
# Visual Studio Version 16
VisualStudioVersion = 16.0.33027.164
MinimumVisualStudioVersion = 10.0.40219.1
Project("{FAE04EC0-301F-11D3-BF4B-00C04F79EFBC}") = "Sowan_Coffee", "Sowan_Coffee\Sowan_Coffee.csproj", "{05AC8BD7-2421-46B7-9114-A21B9FB0E11F}"
EndProject
Global
	GlobalSection(SolutionConfigurationPlatforms) = preSolution
		Debug|Any CPU = Debug|Any CPU
		Release|Any CPU = Release|Any CPU
	EndGlobalSection
	GlobalSection(ProjectConfigurationPlatforms) = postSolution
		{05AC8BD7-2421-46B7-9114-A21B9FB0E11F}.Debug|Any CPU.ActiveCfg = Debug|Any CPU
		{05AC8BD7-2421-46B7-9114-A21B9FB0E11F}.Debug|Any CPU.Build.0 = Debug|Any CPU
		{05AC8BD7-2421-46B7-9114-A21B9FB0E11F}.Release|Any CPU.ActiveCfg = Release|Any CPU
		{05AC8BD7-2421-46B7-9114-A21B9FB0E11F}.Release|Any CPU.Build.0 = Release|Any CPU
	EndGlobalSection
	GlobalSection(SolutionProperties) = preSolution
		HideSolutionNode = FALSE
	EndGlobalSection
	GlobalSection(ExtensibilityGlobals) = postSolution
		SolutionGuid = {12F65108-6C81-4845-A422-E22952CFEB74}
	EndGlobalSection
EndGlobal
